{
  "name": "Ov-LLP",
  "lockfileVersion": 3,
  "requires": true,
  "packages": {
    "": {
      "dependencies": {
        "tailwindcss-react": "^0.0.0"
      }
    },
    "node_modules/tailwindcss-react": {
      "version": "0.0.0",
      "resolved": "https://registry.npmjs.org/tailwindcss-react/-/tailwindcss-react-0.0.0.tgz",
      "integrity": "sha512-dX52ynIvZWrh4qZ04ImTxjTUwFfCByjvZMVDrbvDLu4b/Tfghzk/ZJOvX9Tj3ejH5Fwt/6FqCR5dmLG108sXsg=="
    }
  }
}
